
Microsoft Visual Studio Solution File, Format Version 12.00
# Visual Studio Version 16
VisualStudioVersion = 16.0.31727.386
MinimumVisualStudioVersion = 10.0.40219.1
Project("{FAE04EC0-301F-11D3-BF4B-00C04F79EFBC}") = "ConsoleApp1", "ConsoleApp1\ConsoleApp1.csproj", "{9A9DA59A-224D-4428-A50D-CDF9E455BCFF}"
EndProject
Global
	GlobalSection(SolutionConfigurationPlatforms) = preSolution
		Debug|Any CPU = Debug|Any CPU
		Release|Any CPU = Release|Any CPU
	EndGlobalSection
	GlobalSection(ProjectConfigurationPlatforms) = postSolution
		{9A9DA59A-224D-4428-A50D-CDF9E455BCFF}.Debug|Any CPU.ActiveCfg = Debug|Any CPU
		{9A9DA59A-224D-4428-A50D-CDF9E455BCFF}.Debug|Any CPU.Build.0 = Debug|Any CPU
		{9A9DA59A-224D-4428-A50D-CDF9E455BCFF}.Release|Any CPU.ActiveCfg = Release|Any CPU
		{9A9DA59A-224D-4428-A50D-CDF9E455BCFF}.Release|Any CPU.Build.0 = Release|Any CPU
	EndGlobalSection
	GlobalSection(SolutionProperties) = preSolution
		HideSolutionNode = FALSE
	EndGlobalSection
	GlobalSection(ExtensibilityGlobals) = postSolution
		SolutionGuid = {9CE93511-17EF-45CF-B3DD-D0B9CE9211FB}
	EndGlobalSection
EndGlobal
